
Microsoft Visual Studio Solution File, Format Version 12.00
# Visual Studio Version 17
VisualStudioVersion = 17.1.32407.343
MinimumVisualStudioVersion = 10.0.40219.1
Project("{FAE04EC0-301F-11D3-BF4B-00C04F79EFBC}") = "Ptoject_PRIS", "Ptoject_PRIS\Ptoject_PRIS.csproj", "{BD9EA71B-0CA9-48D1-849B-9DABCBB44C95}"
EndProject
Global
	GlobalSection(SolutionConfigurationPlatforms) = preSolution
		Debug|Any CPU = Debug|Any CPU
		Release|Any CPU = Release|Any CPU
	EndGlobalSection
	GlobalSection(ProjectConfigurationPlatforms) = postSolution
		{BD9EA71B-0CA9-48D1-849B-9DABCBB44C95}.Debug|Any CPU.ActiveCfg = Debug|Any CPU
		{BD9EA71B-0CA9-48D1-849B-9DABCBB44C95}.Debug|Any CPU.Build.0 = Debug|Any CPU
		{BD9EA71B-0CA9-48D1-849B-9DABCBB44C95}.Release|Any CPU.ActiveCfg = Release|Any CPU
		{BD9EA71B-0CA9-48D1-849B-9DABCBB44C95}.Release|Any CPU.Build.0 = Release|Any CPU
	EndGlobalSection
	GlobalSection(SolutionProperties) = preSolution
		HideSolutionNode = FALSE
	EndGlobalSection
	GlobalSection(ExtensibilityGlobals) = postSolution
		SolutionGuid = {F9781DE2-B1C0-4E51-9D6F-6E54C1BA898F}
	EndGlobalSection
EndGlobal
